
Microsoft Visual Studio Solution File, Format Version 12.00
# Visual Studio Version 17
VisualStudioVersion = 17.11.35219.272
MinimumVisualStudioVersion = 10.0.40219.1
Project("{FAE04EC0-301F-11D3-BF4B-00C04F79EFBC}") = "CookingApp", "CookingApp.csproj", "{12B25E21-FC41-4931-A5CB-A12D45457449}"
EndProject
Global
	GlobalSection(SolutionConfigurationPlatforms) = preSolution
		Debug|Any CPU = Debug|Any CPU
		Release|Any CPU = Release|Any CPU
	EndGlobalSection
	GlobalSection(ProjectConfigurationPlatforms) = postSolution
		{12B25E21-FC41-4931-A5CB-A12D45457449}.Debug|Any CPU.ActiveCfg = Debug|Any CPU
		{12B25E21-FC41-4931-A5CB-A12D45457449}.Debug|Any CPU.Build.0 = Debug|Any CPU
		{12B25E21-FC41-4931-A5CB-A12D45457449}.Release|Any CPU.ActiveCfg = Release|Any CPU
		{12B25E21-FC41-4931-A5CB-A12D45457449}.Release|Any CPU.Build.0 = Release|Any CPU
	EndGlobalSection
	GlobalSection(SolutionProperties) = preSolution
		HideSolutionNode = FALSE
	EndGlobalSection
	GlobalSection(ExtensibilityGlobals) = postSolution
		SolutionGuid = {109187D8-418C-4C2E-8463-5D2C8B4D1698}
	EndGlobalSection
EndGlobal
